
Microsoft Visual Studio Solution File, Format Version 12.00
# Visual Studio Version 17
VisualStudioVersion = 17.11.35327.3
MinimumVisualStudioVersion = 10.0.40219.1
Project("{FAE04EC0-301F-11D3-BF4B-00C04F79EFBC}") = "TabelaBr", "TabelaBr.csproj", "{45FAF7A7-EE62-414F-88A4-7183E76D7DAF}"
EndProject
Global
	GlobalSection(SolutionConfigurationPlatforms) = preSolution
		Debug|Any CPU = Debug|Any CPU
		Release|Any CPU = Release|Any CPU
	EndGlobalSection
	GlobalSection(ProjectConfigurationPlatforms) = postSolution
		{45FAF7A7-EE62-414F-88A4-7183E76D7DAF}.Debug|Any CPU.ActiveCfg = Debug|Any CPU
		{45FAF7A7-EE62-414F-88A4-7183E76D7DAF}.Debug|Any CPU.Build.0 = Debug|Any CPU
		{45FAF7A7-EE62-414F-88A4-7183E76D7DAF}.Release|Any CPU.ActiveCfg = Release|Any CPU
		{45FAF7A7-EE62-414F-88A4-7183E76D7DAF}.Release|Any CPU.Build.0 = Release|Any CPU
	EndGlobalSection
	GlobalSection(SolutionProperties) = preSolution
		HideSolutionNode = FALSE
	EndGlobalSection
	GlobalSection(ExtensibilityGlobals) = postSolution
		SolutionGuid = {295AA587-4B56-4149-8014-43EC0E2BEA9A}
	EndGlobalSection
EndGlobal
